
Microsoft Visual Studio Solution File, Format Version 12.00
# Visual Studio Version 17
VisualStudioVersion = 17.3.32929.385
MinimumVisualStudioVersion = 10.0.40219.1
Project("{FAE04EC0-301F-11D3-BF4B-00C04F79EFBC}") = "BookMaster", "BookMaster.csproj", "{50A4F9E5-C024-4F23-B205-D9019DAA74B2}"
EndProject
Global
	GlobalSection(SolutionConfigurationPlatforms) = preSolution
		Debug|Any CPU = Debug|Any CPU
		Release|Any CPU = Release|Any CPU
	EndGlobalSection
	GlobalSection(ProjectConfigurationPlatforms) = postSolution
		{50A4F9E5-C024-4F23-B205-D9019DAA74B2}.Debug|Any CPU.ActiveCfg = Debug|Any CPU
		{50A4F9E5-C024-4F23-B205-D9019DAA74B2}.Debug|Any CPU.Build.0 = Debug|Any CPU
		{50A4F9E5-C024-4F23-B205-D9019DAA74B2}.Release|Any CPU.ActiveCfg = Release|Any CPU
		{50A4F9E5-C024-4F23-B205-D9019DAA74B2}.Release|Any CPU.Build.0 = Release|Any CPU
	EndGlobalSection
	GlobalSection(SolutionProperties) = preSolution
		HideSolutionNode = FALSE
	EndGlobalSection
	GlobalSection(ExtensibilityGlobals) = postSolution
		SolutionGuid = {C6720FBC-D6EC-4615-80E7-1AC36227E6D4}
	EndGlobalSection
EndGlobal
